// !$*UTF8*$!
{
	archiveVersion = 1;
	classes = {
	};
	objectVersion = 50;
	objects = {

/* Begin PBXBuildFile section */
		42914D6421123EBE00981520 /* AppDelegate.swift in Sources */ = {isa = PBXBuildFile; fileRef = 42914D6321123EBE00981520 /* AppDelegate.swift */; };
		42914D6621123EBE00981520 /* ViewController.swift in Sources */ = {isa = PBXBuildFile; fileRef = 42914D6521123EBE00981520 /* ViewController.swift */; };
		42914D6921123EBE00981520 /* Main.storyboard in Resources */ = {isa = PBXBuildFile; fileRef = 42914D6721123EBE00981520 /* Main.storyboard */; };
		42914D6B21123EC000981520 /* Assets.xcassets in Resources */ = {isa = PBXBuildFile; fileRef = 42914D6A21123EC000981520 /* Assets.xcassets */; };
		42914D6E21123EC000981520 /* LaunchScreen.storyboard in Resources */ = {isa = PBXBuildFile; fileRef = 42914D6C21123EC000981520 /* LaunchScreen.storyboard */; };
		42914D7621123F0F00981520 /* GooeyScrollView.swift in Sources */ = {isa = PBXBuildFile; fileRef = 42914D7521123F0F00981520 /* GooeyScrollView.swift */; };
/* End PBXBuildFile section */

/* Begin PBXFileReference section */
		42914D6021123EBE00981520 /* GooeyHeaderExample.app */ = {isa = PBXFileReference; explicitFileType = wrapper.application; includeInIndex = 0; path = GooeyHeaderExample.app; sourceTree = BUILT_PRODUCTS_DIR; };
		42914D6321123EBE00981520 /* AppDelegate.swift */ = {isa = PBXFileReference; lastKnownFileType = sourcecode.swift; path = AppDelegate.swift; sourceTree = "<group>"; };
		42914D6521123EBE00981520 /* ViewController.swift */ = {isa = PBXFileReference; lastKnownFileType = sourcecode.swift; path = ViewController.swift; sourceTree = "<group>"; };
		42914D6821123EBE00981520 /* Base */ = {isa = PBXFileReference; lastKnownFileType = file.storyboard; name = Base; path = Base.lproj/Main.storyboard; sourceTree = "<group>"; };
		42914D6A21123EC000981520 /* Assets.xcassets */ = {isa = PBXFileReference; lastKnownFileType = folder.assetcatalog; path = Assets.xcassets; sourceTree = "<group>"; };
		42914D6D21123EC000981520 /* Base */ = {isa = PBXFileReference; lastKnownFileType = file.storyboard; name = Base; path = Base.lproj/LaunchScreen.storyboard; sourceTree = "<group>"; };
		42914D6F21123EC000981520 /* Info.plist */ = {isa = PBXFileReference; lastKnownFileType = text.plist.xml; path = Info.plist; sourceTree = "<group>"; };
		42914D7521123F0F00981520 /* GooeyScrollView.swift */ = {isa = PBXFileReference; lastKnownFileType = sourcecode.swift; path = GooeyScrollView.swift; sourceTree = "<group>"; };
/* End PBXFileReference section */

/* Begin PBXFrameworksBuildPhase section */
		42914D5D21123EBE00981520 /* Frameworks */ = {
			isa = PBXFrameworksBuildPhase;
			buildActionMask = 2147483647;
			files = (
			);
			runOnlyForDeploymentPostprocessing = 0;
		};
/* End PBXFrameworksBuildPhase section */

/* Begin PBXGroup section */
		42914D5721123EBE00981520 = {
			isa = PBXGroup;
			children = (
				42914D6221123EBE00981520 /* GooeyHeaderExample */,
				42914D6121123EBE00981520 /* Products */,
			);
			sourceTree = "<group>";
		};
		42914D6121123EBE00981520 /* Products */ = {
			isa = PBXGroup;
			children = (
				42914D6021123EBE00981520 /* GooeyHeaderExample.app */,
			);
			name = Products;
			sourceTree = "<group>";
		};
		42914D6221123EBE00981520 /* GooeyHeaderExample */ = {
			isa = PBXGroup;
			children = (
				42914D6321123EBE00981520 /* AppDelegate.swift */,
				42914D6521123EBE00981520 /* ViewController.swift */,
				42914D7521123F0F00981520 /* GooeyScrollView.swift */,
				42914D6721123EBE00981520 /* Main.storyboard */,
				42914D6A21123EC000981520 /* Assets.xcassets */,
				42914D6C21123EC000981520 /* LaunchScreen.storyboard */,
				42914D6F21123EC000981520 /* Info.plist */,
			);
			path = GooeyHeaderExample;
			sourceTree = "<group>";
		};
/* End PBXGroup section */

/* Begin PBXNativeTarget section */
		42914D5F21123EBE00981520 /* GooeyHeaderExample */ = {
			isa = PBXNativeTarget;
			buildConfigurationList = 42914D7221123EC000981520 /* Build configuration list for PBXNativeTarget "GooeyHeaderExample" */;
			buildPhases = (
				42914D5C21123EBE00981520 /* Sources */,
				42914D5D21123EBE00981520 /* Frameworks */,
				42914D5E21123EBE00981520 /* Resources */,
			);
			buildRules = (
			);
			dependencies = (
			);
			name = GooeyHeaderExample;
			productName = GooeyHeaderExample;
			productReference = 42914D6021123EBE00981520 /* GooeyHeaderExample.app */;
			productType = "com.apple.product-type.application";
		};
/* End PBXNativeTarget section */

/* Begin PBXProject section */
		42914D5821123EBE00981520 /* Project object */ = {
			isa = PBXProject;
			attributes = {
				LastSwiftUpdateCheck = 0940;
				LastUpgradeCheck = 0940;
				ORGANIZATIONNAME = "Niranjan Ravichandran";
				TargetAttributes = {
					42914D5F21123EBE00981520 = {
						CreatedOnToolsVersion = 9.4.1;
					};
				};
			};
			buildConfigurationList = 42914D5B21123EBE00981520 /* Build configuration list for PBXProject "GooeyHeaderExample" */;
			compatibilityVersion = "Xcode 9.3";
			developmentRegion = en;
			hasScannedForEncodings = 0;
			knownRegions = (
				en,
				Base,
			);
			mainGroup = 42914D5721123EBE00981520;
			productRefGroup = 42914D6121123EBE00981520 /* Products */;
			projectDirPath = "";
			projectRoot = "";
			targets = (
				42914D5F21123EBE00981520 /* GooeyHeaderExample */,
			);
		};
/* End PBXProject section */

/* Begin PBXResourcesBuildPhase section */
		42914D5E21123EBE00981520 /* Resources */ = {
			isa = PBXResourcesBuildPhase;
			buildActionMask = 2147483647;
			files = (
				42914D6E21123EC000981520 /* LaunchScreen.storyboard in Resources */,
				42914D6B21123EC000981520 /* Assets.xcassets in Resources */,
				42914D6921123EBE00981520 /* Main.storyboard in Resources */,
			);
			runOnlyForDeploymentPostprocessing = 0;
		};
/* End PBXResourcesBuildPhase section */

/* Begin PBXSourcesBuildPhase section */
		42914D5C21123EBE00981520 /* Sources */ = {
			isa = PBXSourcesBuildPhase;
			buildActionMask = 2147483647;
			files = (
				42914D6621123EBE00981520 /* ViewController.swift in Sources */,
				42914D6421123EBE00981520 /* AppDelegate.swift in Sources */,
				42914D7621123F0F00981520 /* GooeyScrollView.swift in Sources */,
			);
			runOnlyForDeploymentPostprocessing = 0;
		};
/* End PBXSourcesBuildPhase section */

/* Begin PBXVariantGroup section */
		42914D6721123EBE00981520 /* Main.storyboard */ = {
			isa = PBXVariantGroup;
			children = (
				42914D6821123EBE00981520 /* Base */,
			);
			name = Main.storyboard;
			sourceTree = "<group>";
		};
		42914D6C21123EC000981520 /* LaunchScreen.storyboard */ = {
			isa = PBXVariantGroup;
			children = (
				42914D6D21123EC000981520 /* Base */,
			);
			name = LaunchScreen.storyboard;
			sourceTree = "<group>";
		};
/* End PBXVariantGroup section */

/* Begin XCBuildConfiguration section */
		42914D7021123EC000981520 /* Debug */ = {
			isa = XCBuildConfiguration;
			buildSettings = {
				ALWAYS_SEARCH_USER_PATHS = NO;
				CLANG_ANALYZER_NONNULL = YES;
				CLANG_ANALYZER_NUMBER_OBJECT_CONVERSION = YES_AGGRESSIVE;
				CLANG_CXX_LANGUAGE_STANDARD = "gnu++14";
				CLANG_CXX_LIBRARY = "libc++";
				CLANG_ENABLE_MODULES = YES;
				CLANG_ENABLE_OBJC_ARC = YES;
				CLANG_ENABLE_OBJC_WEAK = YES;
				CLANG_WARN_BLOCK_CAPTURE_AUTORELEASING = YES;
				CLANG_WARN_BOOL_CONVERSION = YES;
				CLANG_WARN_COMMA = YES;
				CLANG_WARN_CONSTANT_CONVERSION = YES;
				CLANG_WARN_DEPRECATED_OBJC_IMPLEMENTATIONS = YES;
				CLANG_WARN_DIRECT_OBJC_ISA_USAGE = YES_ERROR;
				CLANG_WARN_DOCUMENTATION_COMMENTS = YES;
				CLANG_WARN_EMPTY_BODY = YES;
				CLANG_WARN_ENUM_CONVERSION = YES;
				CLANG_WARN_INFINITE_RECURSION = YES;
				CLANG_WARN_INT_CONVERSION = YES;
				CLANG_WARN_NON_LITERAL_NULL_CONVERSION = YES;
				CLANG_WARN_OBJC_IMPLICIT_RETAIN_SELF = YES;
				CLANG_WARN_OBJC_LITERAL_CONVERSION = YES;
				CLANG_WARN_OBJC_ROOT_CLASS = YES_ERROR;
				CLANG_WARN_RANGE_LOOP_ANALYSIS = YES;
				CLANG_WARN_STRICT_PROTOTYPES = YES;
				CLANG_WARN_SUSPICIOUS_MOVE = YES;
				CLANG_WARN_UNGUARDED_AVAILABILITY = YES_AGGRESSIVE;
				CLANG_WARN_UNREACHABLE_CODE = YES;
				CLANG_WARN__DUPLICATE_METHOD_MATCH = YES;
				CODE_SIGN_IDENTITY = "iPhone Developer";
				COPY_PHASE_STRIP = NO;
				DEBUG_INFORMATION_FORMAT = dwarf;
				ENABLE_STRICT_OBJC_MSGSEND = YES;
				ENABLE_TESTABILITY = YES;
				GCC_C_LANGUAGE_STANDARD = gnu11;
				GCC_DYNAMIC_NO_PIC = NO;
				GCC_NO_COMMON_BLOCKS = YES;
				GCC_OPTIMIZATION_LEVEL = 0;
				GCC_PREPROCESSOR_DEFINITIONS = (
					"DEBUG=1",
					"$(inherited)",
				);
				GCC_WARN_64_TO_32_BIT_CONVERSION = YES;
				GCC_WARN_ABOUT_RETURN_TYPE = YES_ERROR;
				GCC_WARN_UNDECLARED_SELECTOR = YES;
				GCC_WARN_UNINITIALIZED_AUTOS = YES_AGGRESSIVE;
				GCC_WARN_UNUSED_FUNCTION = YES;
				GCC_WARN_UNUSED_VARIABLE = YES;
				IPHONEOS_DEPLOYMENT_TARGET = 11.4;
				MTL_ENABLE_DEBUG_INFO = YES;
				ONLY_ACTIVE_ARCH = YES;
				SDKROOT = iphoneos;
				SWIFT_ACTIVE_COMPILATION_CONDITIONS = DEBUG;
				SWIFT_OPTIMIZATION_LEVEL = "-Onone";
			};
			name = Debug;
		};
		42914D7121123EC000981520 /* Release */ = {
			isa = XCBuildConfiguration;
			buildSettings = {
				ALWAYS_SEARCH_USER_PATHS = NO;
				CLANG_ANALYZER_NONNULL = YES;
				CLANG_ANALYZER_NUMBER_OBJECT_CONVERSION = YES_AGGRESSIVE;
				CLANG_CXX_LANGUAGE_STANDARD = "gnu++14";
				CLANG_CXX_LIBRARY = "libc++";
				CLANG_ENABLE_MODULES = YES;
				CLANG_ENABLE_OBJC_ARC = YES;
				CLANG_ENABLE_OBJC_WEAK = YES;
				CLANG_WARN_BLOCK_CAPTURE_AUTORELEASING = YES;
				CLANG_WARN_BOOL_CONVERSION = YES;
				CLANG_WARN_COMMA = YES;
				CLANG_WARN_CONSTANT_CONVERSION = YES;
				CLANG_WARN_DEPRECATED_OBJC_IMPLEMENTATIONS = YES;
				CLANG_WARN_DIRECT_OBJC_ISA_USAGE = YES_ERROR;
				CLANG_WARN_DOCUMENTATION_COMMENTS = YES;
				CLANG_WARN_EMPTY_BODY = YES;
				CLANG_WARN_ENUM_CONVERSION = YES;
				CLANG_WARN_INFINITE_RECURSION = YES;
				CLANG_WARN_INT_CONVERSION = YES;
				CLANG_WARN_NON_LITERAL_NULL_CONVERSION = YES;
				CLANG_WARN_OBJC_IMPLICIT_RETAIN_SELF = YES;
				CLANG_WARN_OBJC_LITERAL_CONVERSION = YES;
				CLANG_WARN_OBJC_ROOT_CLASS = YES_ERROR;
				CLANG_WARN_RANGE_LOOP_ANALYSIS = YES;
				CLANG_WARN_STRICT_PROTOTYPES = YES;
				CLANG_WARN_SUSPICIOUS_MOVE = YES;
				CLANG_WARN_UNGUARDED_AVAILABILITY = YES_AGGRESSIVE;
				CLANG_WARN_UNREACHABLE_CODE = YES;
				CLANG_WARN__DUPLICATE_METHOD_MATCH = YES;
				CODE_SIGN_IDENTITY = "iPhone Developer";
				COPY_PHASE_STRIP = NO;
				DEBUG_INFORMATION_FORMAT = "dwarf-with-dsym";
				ENABLE_NS_ASSERTIONS = NO;
				ENABLE_STRICT_OBJC_MSGSEND = YES;
				GCC_C_LANGUAGE_STANDARD = gnu11;
				GCC_NO_COMMON_BLOCKS = YES;
				GCC_WARN_64_TO_32_BIT_CONVERSION = YES;
				GCC_WARN_ABOUT_RETURN_TYPE = YES_ERROR;
				GCC_WARN_UNDECLARED_SELECTOR = YES;
				GCC_WARN_UNINITIALIZED_AUTOS = YES_AGGRESSIVE;
				GCC_WARN_UNUSED_FUNCTION = YES;
				GCC_WARN_UNUSED_VARIABLE = YES;
				IPHONEOS_DEPLOYMENT_TARGET = 11.4;
				MTL_ENABLE_DEBUG_INFO = NO;
				SDKROOT = iphoneos;
				SWIFT_COMPILATION_MODE = wholemodule;
				SWIFT_OPTIMIZATION_LEVEL = "-O";
				VALIDATE_PRODUCT = YES;
			};
			name = Release;
		};
		42914D7321123EC000981520 /* Debug */ = {
			isa = XCBuildConfiguration;
			buildSettings = {
				ASSETCATALOG_COMPILER_APPICON_NAME = AppIcon;
				CODE_SIGN_STYLE = Automatic;
				DEVELOPMENT_TEAM = 7R8U9B2AP5;
				INFOPLIST_FILE = GooeyHeaderExample/Info.plist;
				LD_RUNPATH_SEARCH_PATHS = (
					"$(inherited)",
					"@executable_path/Frameworks",
				);
				PRODUCT_BUNDLE_IDENTIFIER = com.aviato.GooeyHeaderExample;
				PRODUCT_NAME = "$(TARGET_NAME)";
				SWIFT_VERSION = 4.0;
				TARGETED_DEVICE_FAMILY = "1,2";
			};
			name = Debug;
		};
		42914D7421123EC000981520 /* Release */ = {
			isa = XCBuildConfiguration;
			buildSettings = {
				ASSETCATALOG_COMPILER_APPICON_NAME = AppIcon;
				CODE_SIGN_STYLE = Automatic;
				DEVELOPMENT_TEAM = 7R8U9B2AP5;
				INFOPLIST_FILE = GooeyHeaderExample/Info.plist;
				LD_RUNPATH_SEARCH_PATHS = (
					"$(inherited)",
					"@executable_path/Frameworks",
				);
				PRODUCT_BUNDLE_IDENTIFIER = com.aviato.GooeyHeaderExample;
				PRODUCT_NAME = "$(TARGET_NAME)";
				SWIFT_VERSION = 4.0;
				TARGETED_DEVICE_FAMILY = "1,2";
			};
			name = Release;
		};
/* End XCBuildConfiguration section */

/* Begin XCConfigurationList section */
		42914D5B21123EBE00981520 /* Build configuration list for PBXProject "GooeyHeaderExample" */ = {
			isa = XCConfigurationList;
			buildConfigurations = (
				42914D7021123EC000981520 /* Debug */,
				42914D7121123EC000981520 /* Release */,
			);
			defaultConfigurationIsVisible = 0;
			defaultConfigurationName = Release;
		};
		42914D7221123EC000981520 /* Build configuration list for PBXNativeTarget "GooeyHeaderExample" */ = {
			isa = XCConfigurationList;
			buildConfigurations = (
				42914D7321123EC000981520 /* Debug */,
				42914D7421123EC000981520 /* Release */,
			);
			defaultConfigurationIsVisible = 0;
			defaultConfigurationName = Release;
		};
/* End XCConfigurationList section */
	};
	rootObject = 42914D5821123EBE00981520 /* Project object */;
}
